
Microsoft Visual Studio Solution File, Format Version 12.00
# Visual Studio Version 17
VisualStudioVersion = 17.4.33103.184
MinimumVisualStudioVersion = 10.0.40219.1
Project("{9A19103F-16F7-4668-BE54-9A1E7A4F7556}") = "Fly", "Fly\Fly.csproj", "{D896DE3E-66AB-483E-A00C-2E0A7136D2D4}"
EndProject
Project("{FAE04EC0-301F-11D3-BF4B-00C04F79EFBC}") = "FlyAPI", "FlyAPI\FlyAPI.csproj", "{93083C83-4E7A-435A-9A5C-0F3AE94CAC11}"
EndProject
Global
	GlobalSection(SolutionConfigurationPlatforms) = preSolution
		Debug|Any CPU = Debug|Any CPU
		Release|Any CPU = Release|Any CPU
	EndGlobalSection
	GlobalSection(ProjectConfigurationPlatforms) = postSolution
		{D896DE3E-66AB-483E-A00C-2E0A7136D2D4}.Debug|Any CPU.ActiveCfg = Debug|Any CPU
		{D896DE3E-66AB-483E-A00C-2E0A7136D2D4}.Debug|Any CPU.Build.0 = Debug|Any CPU
		{D896DE3E-66AB-483E-A00C-2E0A7136D2D4}.Release|Any CPU.ActiveCfg = Release|Any CPU
		{D896DE3E-66AB-483E-A00C-2E0A7136D2D4}.Release|Any CPU.Build.0 = Release|Any CPU
		{93083C83-4E7A-435A-9A5C-0F3AE94CAC11}.Debug|Any CPU.ActiveCfg = Debug|Any CPU
		{93083C83-4E7A-435A-9A5C-0F3AE94CAC11}.Debug|Any CPU.Build.0 = Debug|Any CPU
		{93083C83-4E7A-435A-9A5C-0F3AE94CAC11}.Release|Any CPU.ActiveCfg = Release|Any CPU
		{93083C83-4E7A-435A-9A5C-0F3AE94CAC11}.Release|Any CPU.Build.0 = Release|Any CPU
	EndGlobalSection
	GlobalSection(SolutionProperties) = preSolution
		HideSolutionNode = FALSE
	EndGlobalSection
	GlobalSection(ExtensibilityGlobals) = postSolution
		SolutionGuid = {5F0D30B1-4C89-4EB6-898D-FAEBAABF494A}
	EndGlobalSection
EndGlobal
